
Microsoft Visual Studio Solution File, Format Version 12.00
# Visual Studio Version 17
VisualStudioVersion = 17.1.32414.318
MinimumVisualStudioVersion = 10.0.40219.1
Project("{8BC9CEB8-8B4A-11D0-8D11-00A0C91BC942}") = "提出", "提出.vcxproj", "{951AABEB-5F44-4200-A900-80BD8BC0D50B}"
EndProject
Global
	GlobalSection(SolutionConfigurationPlatforms) = preSolution
		Debug|x64 = Debug|x64
		Release|x64 = Release|x64
	EndGlobalSection
	GlobalSection(ProjectConfigurationPlatforms) = postSolution
		{951AABEB-5F44-4200-A900-80BD8BC0D50B}.Debug|x64.ActiveCfg = Debug|x64
		{951AABEB-5F44-4200-A900-80BD8BC0D50B}.Debug|x64.Build.0 = Debug|x64
		{951AABEB-5F44-4200-A900-80BD8BC0D50B}.Release|x64.ActiveCfg = Release|x64
		{951AABEB-5F44-4200-A900-80BD8BC0D50B}.Release|x64.Build.0 = Release|x64
	EndGlobalSection
	GlobalSection(SolutionProperties) = preSolution
		HideSolutionNode = FALSE
	EndGlobalSection
	GlobalSection(ExtensibilityGlobals) = postSolution
		SolutionGuid = {99C80484-51B2-461C-AC05-F2D30CDEA636}
	EndGlobalSection
EndGlobal
